
Microsoft Visual Studio Solution File, Format Version 12.00
# Visual Studio Version 17
VisualStudioVersion = 17.10.34928.147
MinimumVisualStudioVersion = 10.0.40219.1
Project("{FAE04EC0-301F-11D3-BF4B-00C04F79EFBC}") = "EmailBodyFunction", "EmailBodyFunction.csproj", "{19C7C27F-DB0F-43C0-9D5C-6E21A0CBDD21}"
EndProject
Global
	GlobalSection(SolutionConfigurationPlatforms) = preSolution
		Debug|Any CPU = Debug|Any CPU
		Release|Any CPU = Release|Any CPU
	EndGlobalSection
	GlobalSection(ProjectConfigurationPlatforms) = postSolution
		{19C7C27F-DB0F-43C0-9D5C-6E21A0CBDD21}.Debug|Any CPU.ActiveCfg = Debug|Any CPU
		{19C7C27F-DB0F-43C0-9D5C-6E21A0CBDD21}.Debug|Any CPU.Build.0 = Debug|Any CPU
		{19C7C27F-DB0F-43C0-9D5C-6E21A0CBDD21}.Release|Any CPU.ActiveCfg = Release|Any CPU
		{19C7C27F-DB0F-43C0-9D5C-6E21A0CBDD21}.Release|Any CPU.Build.0 = Release|Any CPU
	EndGlobalSection
	GlobalSection(SolutionProperties) = preSolution
		HideSolutionNode = FALSE
	EndGlobalSection
	GlobalSection(ExtensibilityGlobals) = postSolution
		SolutionGuid = {7FD57A6C-1CF9-4FCF-AE87-8D2E674F752A}
	EndGlobalSection
EndGlobal
